
Microsoft Visual Studio Solution File, Format Version 12.00
# Visual Studio 14
VisualStudioVersion = 14.0.25420.1
MinimumVisualStudioVersion = 10.0.40219.1
Project("{F14B399A-7131-4C87-9E4B-1186C45EF12D}") = "ReportProject1", "ReportProject1\ReportProject1.rptproj", "{6B61E252-6462-4715-A7C2-356A689C6D6A}"
EndProject
Global
	GlobalSection(SolutionConfigurationPlatforms) = preSolution
		Debug|Default = Debug|Default
		DebugLocal|Default = DebugLocal|Default
		Release|Default = Release|Default
	EndGlobalSection
	GlobalSection(ProjectConfigurationPlatforms) = postSolution
		{6B61E252-6462-4715-A7C2-356A689C6D6A}.Debug|Default.ActiveCfg = Debug
		{6B61E252-6462-4715-A7C2-356A689C6D6A}.Debug|Default.Build.0 = Debug
		{6B61E252-6462-4715-A7C2-356A689C6D6A}.Debug|Default.Deploy.0 = Debug
		{6B61E252-6462-4715-A7C2-356A689C6D6A}.DebugLocal|Default.ActiveCfg = DebugLocal
		{6B61E252-6462-4715-A7C2-356A689C6D6A}.DebugLocal|Default.Build.0 = DebugLocal
		{6B61E252-6462-4715-A7C2-356A689C6D6A}.Release|Default.ActiveCfg = Release
		{6B61E252-6462-4715-A7C2-356A689C6D6A}.Release|Default.Build.0 = Release
		{6B61E252-6462-4715-A7C2-356A689C6D6A}.Release|Default.Deploy.0 = Release
	EndGlobalSection
	GlobalSection(SolutionProperties) = preSolution
		HideSolutionNode = FALSE
	EndGlobalSection
EndGlobal
